// !$*UTF8*$!
{
	archiveVersion = 1;
	classes = {
	};
	objectVersion = 46;
	objects = {
		20E0F05584A9D38905A9CEE4 = {
			isa = PBXBuildFile;
			fileRef = B0F91EE7ECDECD36A39F25F5;
		};
		2AAAE3FD7E6837F32EFF56E1 = {
			isa = PBXBuildFile;
			fileRef = 4DD7A8777B08B1A991E4122C;
		};
		532703F6365457760C338335 = {
			isa = PBXBuildFile;
			fileRef = 27FEECDD9949F246A9BC81FE;
		};
		98B1C9C1D07220D54795E18F = {
			isa = PBXBuildFile;
			fileRef = 7BFA0D190A73273EAD5AD3C5;
		};
		5CB28CFFFE9147478D8C6FF8 = {
			isa = PBXBuildFile;
			fileRef = CCA8A03BFB26913389312E2F;
		};
		A614E4FCDE079789DD35A750 = {
			isa = PBXBuildFile;
			fileRef = EB7C5428E86EA3539A5BC390;
		};
		71CFACA9D295755C5B2DE51F = {
			isa = PBXBuildFile;
			fileRef = D977F9504B0875051040DA90;
		};
		7761FE2EAF235DC225AAC7CB = {
			isa = PBXBuildFile;
			fileRef = C51500A11DD7081D656C6FC4;
		};
		8F36BA27C2169082C34453EB = {
			isa = PBXBuildFile;
			fileRef = 3D3C2EEE1906827E6B4C96F0;
		};
		DFF9E3CDF14DB1A01EE4785C = {
			isa = PBXBuildFile;
			fileRef = B88A90CC7D32680FE76438FA;
		};
		4CA3C41868938B7B958DDC1F = {
			isa = PBXBuildFile;
			fileRef = 3F4CC0249C80C30BFBCCCBC6;
		};
		79ECC3A32D512634C6514809 = {
			isa = PBXBuildFile;
			fileRef = 6E2EA9B15DF8598BA318B75D;
		};
		6DE1560B3379D2DF10274EC2 = {
			isa = PBXBuildFile;
			fileRef = 229B129C2CA2A8A747F4572C;
		};
		2D40314A665ED3D52F33B4A4 = {
			isa = PBXBuildFile;
			fileRef = 12B471A30FE80C5A94861699;
		};
		5A83548480992A4049FFB863 = {
			isa = PBXBuildFile;
			fileRef = F9D73D7AE4ABF2CCF33BC8BF;
		};
		7383EFA811A2CFAA8546A16C = {
			isa = PBXBuildFile;
			fileRef = 9FF4E3D3133E6EFD0893A32A;
		};
		07DAA5E0DDE090921A9295FF = {
			isa = PBXBuildFile;
			fileRef = 5A6AAB561412627BAEDE0432;
		};
		19356AE37EF2501179CA571C = {
			isa = PBXBuildFile;
			fileRef = 9965C8B19F93DCFC41A18A7F;
		};
		F1303233EF9BB420434C0E61 = {
			isa = PBXBuildFile;
			fileRef = 3D644A4DBD944BB617931E4A;
		};
		D8560F1A4FC877968E8EA248 = {
			isa = PBXBuildFile;
			fileRef = BE6646B36E5C13C445B31E0E;
		};
		D9C0B87C5C4E6F8206328DDE = {
			isa = PBXBuildFile;
			fileRef = 3E7D2A96EB42E1C595A380A2;
		};
		00A031EDE7DD6346BE91A481 = {
			isa = PBXBuildFile;
			fileRef = 3FDCE7360FC11DBA86FA4084;
		};
		C37764077406A95CB62564FA = {
			isa = PBXBuildFile;
			fileRef = BC292EE17D808D177D06B2D2;
		};
		1697E32CA02F3489ABBAFD8F = {
			isa = PBXBuildFile;
			fileRef = 4C92DD2F3B060091BF1785C1;
		};
		138C955DB1CE5A40268DF71E = {
			isa = PBXBuildFile;
			fileRef = 75ABAC1BD2E7E58F47B3D1E3;
		};
		05904358953182FA7C5859D0 = {
			isa = PBXBuildFile;
			fileRef = AE1B8D1F138C1217405E84B8;
		};
		82313CA70A7A58FE5B9BC36C = {
			isa = PBXBuildFile;
			fileRef = CB43784D525D6BB21B946A2B;
		};
		5D8F38E0210048CE3335DD87 = {
			isa = PBXBuildFile;
			fileRef = 08A7171F87508B2AD2033596;
		};
		4682A7A54D23934812336CDF = {
			isa = PBXBuildFile;
			fileRef = D63FE44D37E66BD92DA48DF5;
		};
		254C899DC6F6C005071AA861 = {
			isa = PBXBuildFile;
			fileRef = BE91B0A58B90C6EA710E89D7;
		};
		BFBC556BC17C2890902FE5BA = {
			isa = PBXBuildFile;
			fileRef = 53A62B214825242085910093;
		};
		688D20FFBC8AB1C07C86E8D4 = {
			isa = PBXBuildFile;
			fileRef = B063E737CCAB345F47511552;
		};
		990CC2B1CFDED5B6D3F03A6A = {
			isa = PBXBuildFile;
			fileRef = 3F8984E1576BBFDE32289C25;
		};
		D9A078002157F138A112011A = {
			isa = PBXBuildFile;
			fileRef = 1C9AC9EB47755AF0D3FCE314;
		};
		08A7171F87508B2AD2033596 = {
			isa = PBXFileReference;
			lastKnownFileType = sourcecode.cpp.objcpp;
			name = "include_juce_cryptography.mm";
			path = "../../JuceLibraryCode/include_juce_cryptography.mm";
			sourceTree = "SOURCE_ROOT";
		};
		0C4C5729390AB09ADFE89BE3 = {
			isa = PBXFileReference;
			lastKnownFileType = file;
			name = "juce_opengl";
			path = "~/JUCE/modules/juce_opengl";
			sourceTree = "<absolute>";
		};
		1279ADE25DF8D641D8AFBB27 = {
			isa = PBXFileReference;
			lastKnownFileType = text.plist.xml;
			name = "Smart A.S.S.entitlements";
			path = "Smart A.S.S.entitlements";
			sourceTree = "SOURCE_ROOT";
		};
		12B471A30FE80C5A94861699 = {
			isa = PBXFileReference;
			lastKnownFileType = wrapper.framework;
			name = UIKit.framework;
			path = System/Library/Frameworks/UIKit.framework;
			sourceTree = SDKROOT;
		};
		135D8322242E5CDBC4B54030 = {
			isa = PBXFileReference;
			lastKnownFileType = image.png;
			name = fileSplash.png;
			path = ../../Source/SplashScreens/fileSplash.png;
			sourceTree = "SOURCE_ROOT";
		};
		1C9AC9EB47755AF0D3FCE314 = {
			isa = PBXFileReference;
			lastKnownFileType = sourcecode.cpp.objcpp;
			name = "include_juce_opengl.mm";
			path = "../../JuceLibraryCode/include_juce_opengl.mm";
			sourceTree = "SOURCE_ROOT";
		};
		229B129C2CA2A8A747F4572C = {
			isa = PBXFileReference;
			lastKnownFileType = wrapper.framework;
			name = QuartzCore.framework;
			path = System/Library/Frameworks/QuartzCore.framework;
			sourceTree = SDKROOT;
		};
		27FEECDD9949F246A9BC81FE = {
			isa = PBXFileReference;
			lastKnownFileType = wrapper.framework;
			name = AudioToolbox.framework;
			path = System/Library/Frameworks/AudioToolbox.framework;
			sourceTree = SDKROOT;
		};
		39EDAAB67DF1235888C0C92F = {
			isa = PBXFileReference;
			lastKnownFileType = image.png;
			name = "down-01.png";
			path = "../../Source/icon/down-01.png";
			sourceTree = "SOURCE_ROOT";
		};
		3D3C2EEE1906827E6B4C96F0 = {
			isa = PBXFileReference;
			lastKnownFileType = wrapper.framework;
			name = CoreText.framework;
			path = System/Library/Frameworks/CoreText.framework;
			sourceTree = SDKROOT;
		};
		3D644A4DBD944BB617931E4A = {
			isa = PBXFileReference;
			lastKnownFileType = sourcecode.cpp.cpp;
			name = pugixml.cpp;
			path = ../../Source/Pugi/pugixml.cpp;
			sourceTree = "SOURCE_ROOT";
		};
		3E7D2A96EB42E1C595A380A2 = {
			isa = PBXFileReference;
			lastKnownFileType = sourcecode.cpp.cpp;
			name = Main.cpp;
			path = ../../Source/Main.cpp;
			sourceTree = "SOURCE_ROOT";
		};
		3F4CC0249C80C30BFBCCCBC6 = {
			isa = PBXFileReference;
			lastKnownFileType = wrapper.framework;
			name = MobileCoreServices.framework;
			path = System/Library/Frameworks/MobileCoreServices.framework;
			sourceTree = SDKROOT;
		};
		3F8984E1576BBFDE32289C25 = {
			isa = PBXFileReference;
			lastKnownFileType = sourcecode.cpp.objcpp;
			name = "include_juce_gui_extra.mm";
			path = "../../JuceLibraryCode/include_juce_gui_extra.mm";
			sourceTree = "SOURCE_ROOT";
		};
		3FDCE7360FC11DBA86FA4084 = {
			isa = PBXFileReference;
			lastKnownFileType = sourcecode.cpp.cpp;
			name = BinaryData.cpp;
			path = ../../JuceLibraryCode/BinaryData.cpp;
			sourceTree = "SOURCE_ROOT";
		};
		4C92DD2F3B060091BF1785C1 = {
			isa = PBXFileReference;
			lastKnownFileType = sourcecode.cpp.objcpp;
			name = "include_juce_audio_devices.mm";
			path = "../../JuceLibraryCode/include_juce_audio_devices.mm";
			sourceTree = "SOURCE_ROOT";
		};
		4CB386607A9396E4F4627854 = {
			isa = PBXFileReference;
			lastKnownFileType = image.png;
			name = "colourButton-02.png";
			path = "../../Source/icon/colourButton-02.png";
			sourceTree = "SOURCE_ROOT";
		};
		4DD7A8777B08B1A991E4122C = {
			isa = PBXFileReference;
			lastKnownFileType = wrapper.framework;
			name = Accelerate.framework;
			path = System/Library/Frameworks/Accelerate.framework;
			sourceTree = SDKROOT;
		};
		4FDCC1FC149B08159942A34C = {
			isa = PBXFileReference;
			lastKnownFileType = sourcecode.c.h;
			name = MainComponent.h;
			path = ../../Source/MainComponent.h;
			sourceTree = "SOURCE_ROOT";
		};
		53A62B214825242085910093 = {
			isa = PBXFileReference;
			lastKnownFileType = sourcecode.cpp.objcpp;
			name = "include_juce_graphics.mm";
			path = "../../JuceLibraryCode/include_juce_graphics.mm";
			sourceTree = "SOURCE_ROOT";
		};
		55D55DDC3551967126FFCC8E = {
			isa = PBXFileReference;
			lastKnownFileType = file;
			name = "juce_gui_extra";
			path = "~/JUCE/modules/juce_gui_extra";
			sourceTree = "<absolute>";
		};
		5A6AAB561412627BAEDE0432 = {
			isa = PBXFileReference;
			lastKnownFileType = file.icns;
			name = Icon.icns;
			path = Icon.icns;
			sourceTree = "SOURCE_ROOT";
		};
		5AE12EC581640844C3A6BDDB = {
			isa = PBXFileReference;
			lastKnownFileType = image.png;
			name = splash3.png;
			path = ../../Source/SplashScreens/splash3.png;
			sourceTree = "SOURCE_ROOT";
		};
		5F68E5AAB9B2E82837385F7D = {
			isa = PBXFileReference;
			lastKnownFileType = file;
			name = "juce_gui_basics";
			path = "~/JUCE/modules/juce_gui_basics";
			sourceTree = "<absolute>";
		};
		63383F6508D8C9EF6D2BAA20 = {
			isa = PBXFileReference;
			lastKnownFileType = sourcecode.c.h;
			name = ReadConvertAss.h;
			path = ../../Source/ReadConvertAss/ReadConvertAss.h;
			sourceTree = "SOURCE_ROOT";
		};
		69A1117F59759F5706B166E6 = {
			isa = PBXFileReference;
			lastKnownFileType = file;
			name = "juce_audio_basics";
			path = "~/JUCE/modules/juce_audio_basics";
			sourceTree = "<absolute>";
		};
		6E2EA9B15DF8598BA318B75D = {
			isa = PBXFileReference;
			lastKnownFileType = wrapper.framework;
			name = OpenGLES.framework;
			path = System/Library/Frameworks/OpenGLES.framework;
			sourceTree = SDKROOT;
		};
		75ABAC1BD2E7E58F47B3D1E3 = {
			isa = PBXFileReference;
			lastKnownFileType = sourcecode.cpp.objcpp;
			name = "include_juce_audio_formats.mm";
			path = "../../JuceLibraryCode/include_juce_audio_formats.mm";
			sourceTree = "SOURCE_ROOT";
		};
		7BFA0D190A73273EAD5AD3C5 = {
			isa = PBXFileReference;
			lastKnownFileType = wrapper.framework;
			name = AVFoundation.framework;
			path = System/Library/Frameworks/AVFoundation.framework;
			sourceTree = SDKROOT;
		};
		832EB876405D8CECC870E588 = {
			isa = PBXFileReference;
			lastKnownFileType = sourcecode.c.h;
			name = pugiconfig.hpp;
			path = ../../Source/Pugi/pugiconfig.hpp;
			sourceTree = "SOURCE_ROOT";
		};
		8D14494CFE3D4149ADD1E0D3 = {
			isa = PBXFileReference;
			lastKnownFileType = sourcecode.c.h;
			name = AppConfig.h;
			path = ../../JuceLibraryCode/AppConfig.h;
			sourceTree = "SOURCE_ROOT";
		};
		8F50A2F365B6998043561DFE = {
			isa = PBXFileReference;
			lastKnownFileType = image.png;
			name = smartAssIcon.png;
			path = ../../Source/icon/smartAssIcon.png;
			sourceTree = "SOURCE_ROOT";
		};
		911DA8A02C1DD06290ACDA0E = {
			isa = PBXFileReference;
			lastKnownFileType = file;
			name = "juce_audio_devices";
			path = "~/JUCE/modules/juce_audio_devices";
			sourceTree = "<absolute>";
		};
		91B0771198608EB5DCA7C331 = {
			isa = PBXFileReference;
			lastKnownFileType = file;
			name = "juce_events";
			path = "~/JUCE/modules/juce_events";
			sourceTree = "<absolute>";
		};
		9965C8B19F93DCFC41A18A7F = {
			isa = PBXFileReference;
			lastKnownFileType = sourcecode.cpp.cpp;
			name = ReadConvertAss.cpp;
			path = ../../Source/ReadConvertAss/ReadConvertAss.cpp;
			sourceTree = "SOURCE_ROOT";
		};
		999652849CEEF92C07A46BFC = {
			isa = PBXFileReference;
			lastKnownFileType = file;
			name = "juce_data_structures";
			path = "~/JUCE/modules/juce_data_structures";
			sourceTree = "<absolute>";
		};
		9FF4E3D3133E6EFD0893A32A = {
			isa = PBXFileReference;
			lastKnownFileType = file.storyboard;
			name = LaunchScreen.storyboard;
			path = LaunchScreen.storyboard;
			sourceTree = "SOURCE_ROOT";
		};
		A2E5706E993A8F67B7A0B7CF = {
			isa = PBXFileReference;
			lastKnownFileType = sourcecode.c.h;
			name = BinaryData.h;
			path = ../../JuceLibraryCode/BinaryData.h;
			sourceTree = "SOURCE_ROOT";
		};
		AE1B8D1F138C1217405E84B8 = {
			isa = PBXFileReference;
			lastKnownFileType = sourcecode.cpp.objcpp;
			name = "include_juce_audio_processors.mm";
			path = "../../JuceLibraryCode/include_juce_audio_processors.mm";
			sourceTree = "SOURCE_ROOT";
		};
		B063E737CCAB345F47511552 = {
			isa = PBXFileReference;
			lastKnownFileType = sourcecode.cpp.objcpp;
			name = "include_juce_gui_basics.mm";
			path = "../../JuceLibraryCode/include_juce_gui_basics.mm";
			sourceTree = "SOURCE_ROOT";
		};
		B0F91EE7ECDECD36A39F25F5 = {
			isa = PBXFileReference;
			explicitFileType = wrapper.application;
			includeInIndex = 0;
			path = "Smart A.S.S.app";
			sourceTree = "BUILT_PRODUCTS_DIR";
		};
		B88A90CC7D32680FE76438FA = {
			isa = PBXFileReference;
			lastKnownFileType = wrapper.framework;
			name = Foundation.framework;
			path = System/Library/Frameworks/Foundation.framework;
			sourceTree = SDKROOT;
		};
		B9FD743586AC2F11F348D664 = {
			isa = PBXFileReference;
			lastKnownFileType = sourcecode.c.h;
			name = pugixml.hpp;
			path = ../../Source/Pugi/pugixml.hpp;
			sourceTree = "SOURCE_ROOT";
		};
		BC292EE17D808D177D06B2D2 = {
			isa = PBXFileReference;
			lastKnownFileType = sourcecode.cpp.objcpp;
			name = "include_juce_audio_basics.mm";
			path = "../../JuceLibraryCode/include_juce_audio_basics.mm";
			sourceTree = "SOURCE_ROOT";
		};
		BC7B6AF0D69B65C63894A03C = {
			isa = PBXFileReference;
			lastKnownFileType = sourcecode.c.h;
			name = JuceHeader.h;
			path = ../../JuceLibraryCode/JuceHeader.h;
			sourceTree = "SOURCE_ROOT";
		};
		BE1D594EA182CC294E4E1957 = {
			isa = PBXFileReference;
			lastKnownFileType = image.png;
			name = splash2.png;
			path = ../../Source/SplashScreens/splash2.png;
			sourceTree = "SOURCE_ROOT";
		};
		BE6646B36E5C13C445B31E0E = {
			isa = PBXFileReference;
			lastKnownFileType = sourcecode.cpp.cpp;
			name = MainComponent.cpp;
			path = ../../Source/MainComponent.cpp;
			sourceTree = "SOURCE_ROOT";
		};
		BE91B0A58B90C6EA710E89D7 = {
			isa = PBXFileReference;
			lastKnownFileType = sourcecode.cpp.objcpp;
			name = "include_juce_events.mm";
			path = "../../JuceLibraryCode/include_juce_events.mm";
			sourceTree = "SOURCE_ROOT";
		};
		BFE2FCB6BC15A8DCB3C81F6A = {
			isa = PBXFileReference;
			lastKnownFileType = image.png;
			name = beginScreen.png;
			path = ../../Source/SplashScreens/beginScreen.png;
			sourceTree = "SOURCE_ROOT";
		};
		C51500A11DD7081D656C6FC4 = {
			isa = PBXFileReference;
			lastKnownFileType = wrapper.framework;
			name = CoreMIDI.framework;
			path = System/Library/Frameworks/CoreMIDI.framework;
			sourceTree = SDKROOT;
		};
		C5B9D604D3A76173D4070300 = {
			isa = PBXFileReference;
			lastKnownFileType = image.png;
			name = "colourButton-01.png";
			path = "../../Source/icon/colourButton-01.png";
			sourceTree = "SOURCE_ROOT";
		};
		C60223E0FB868A14F53FCEB2 = {
			isa = PBXFileReference;
			lastKnownFileType = file;
			name = "juce_audio_processors";
			path = "~/JUCE/modules/juce_audio_processors";
			sourceTree = "<absolute>";
		};
		CB43784D525D6BB21B946A2B = {
			isa = PBXFileReference;
			lastKnownFileType = sourcecode.cpp.objcpp;
			name = "include_juce_core.mm";
			path = "../../JuceLibraryCode/include_juce_core.mm";
			sourceTree = "SOURCE_ROOT";
		};
		CCA8A03BFB26913389312E2F = {
			isa = PBXFileReference;
			lastKnownFileType = wrapper.framework;
			name = CoreAudio.framework;
			path = System/Library/Frameworks/CoreAudio.framework;
			sourceTree = SDKROOT;
		};
		D50DF6E99AFECE86FBAD226C = {
			isa = PBXFileReference;
			lastKnownFileType = image.png;
			name = "up-01.png";
			path = "../../Source/icon/up-01.png";
			sourceTree = "SOURCE_ROOT";
		};
		D63FE44D37E66BD92DA48DF5 = {
			isa = PBXFileReference;
			lastKnownFileType = sourcecode.cpp.objcpp;
			name = "include_juce_data_structures.mm";
			path = "../../JuceLibraryCode/include_juce_data_structures.mm";
			sourceTree = "SOURCE_ROOT";
		};
		D977F9504B0875051040DA90 = {
			isa = PBXFileReference;
			lastKnownFileType = wrapper.framework;
			name = CoreImage.framework;
			path = System/Library/Frameworks/CoreImage.framework;
			sourceTree = SDKROOT;
		};
		DA422229B4B6299E9B8E3B7A = {
			isa = PBXFileReference;
			lastKnownFileType = text.plist.xml;
			name = "Info-App.plist";
			path = "Info-App.plist";
			sourceTree = "SOURCE_ROOT";
		};
		DCD1C43426455B37CAA6F5AA = {
			isa = PBXFileReference;
			lastKnownFileType = image.png;
			name = splash1.png;
			path = ../../Source/SplashScreens/splash1.png;
			sourceTree = "SOURCE_ROOT";
		};
		E4D8D56F7B027BD30D9E41C1 = {
			isa = PBXFileReference;
			lastKnownFileType = file;
			name = "juce_graphics";
			path = "~/JUCE/modules/juce_graphics";
			sourceTree = "<absolute>";
		};
		E6FA9405CC824FD629042B36 = {
			isa = PBXFileReference;
			lastKnownFileType = image.png;
			name = shimlaIcon.png;
			path = ../../Source/icon/shimlaIcon.png;
			sourceTree = "SOURCE_ROOT";
		};
		E94A92FC8764E219AD4D5DA2 = {
			isa = PBXFileReference;
			lastKnownFileType = file;
			name = "juce_audio_formats";
			path = "~/JUCE/modules/juce_audio_formats";
			sourceTree = "<absolute>";
		};
		EB7C5428E86EA3539A5BC390 = {
			isa = PBXFileReference;
			lastKnownFileType = wrapper.framework;
			name = CoreGraphics.framework;
			path = System/Library/Frameworks/CoreGraphics.framework;
			sourceTree = SDKROOT;
		};
		F0E8AC3655BA813283883375 = {
			isa = PBXFileReference;
			lastKnownFileType = file;
			name = "juce_core";
			path = "~/JUCE/modules/juce_core";
			sourceTree = "<absolute>";
		};
		F9D73D7AE4ABF2CCF33BC8BF = {
			isa = PBXFileReference;
			lastKnownFileType = folder.assetcatalog;
			name = Images.xcassets;
			path = "Smart A.S.S/Images.xcassets";
			sourceTree = "SOURCE_ROOT";
		};
		FA82DB50D997E1E7C9ACA199 = {
			isa = PBXFileReference;
			lastKnownFileType = file;
			name = "juce_cryptography";
			path = "~/JUCE/modules/juce_cryptography";
			sourceTree = "<absolute>";
		};
		BA314E882333C99F4A693A59 = {
			isa = PBXGroup;
			children = (
				39EDAAB67DF1235888C0C92F,
				C5B9D604D3A76173D4070300,
				4CB386607A9396E4F4627854,
				D50DF6E99AFECE86FBAD226C,
				E6FA9405CC824FD629042B36,
				8F50A2F365B6998043561DFE,
			);
			name = icons;
			sourceTree = "<group>";
		};
		1CE971422C1081AFB417CBE8 = {
			isa = PBXGroup;
			children = (
				9965C8B19F93DCFC41A18A7F,
				63383F6508D8C9EF6D2BAA20,
			);
			name = ReadConvertAss;
			sourceTree = "<group>";
		};
		58441D941D6C04BE058EAF7C = {
			isa = PBXGroup;
			children = (
				832EB876405D8CECC870E588,
				3D644A4DBD944BB617931E4A,
				B9FD743586AC2F11F348D664,
			);
			name = Pugi;
			sourceTree = "<group>";
		};
		636DCE28980EEA5D94827712 = {
			isa = PBXGroup;
			children = (
				1CE971422C1081AFB417CBE8,
				58441D941D6C04BE058EAF7C,
				4FDCC1FC149B08159942A34C,
				BE6646B36E5C13C445B31E0E,
				3E7D2A96EB42E1C595A380A2,
			);
			name = Source;
			sourceTree = "<group>";
		};
		C100224CE0103B1A1018498B = {
			isa = PBXGroup;
			children = (
				BFE2FCB6BC15A8DCB3C81F6A,
				DCD1C43426455B37CAA6F5AA,
				BE1D594EA182CC294E4E1957,
				5AE12EC581640844C3A6BDDB,
				135D8322242E5CDBC4B54030,
			);
			name = SplashScreens;
			sourceTree = "<group>";
		};
		F5B21D65D547EA7F07C726D6 = {
			isa = PBXGroup;
			children = (
				BA314E882333C99F4A693A59,
				636DCE28980EEA5D94827712,
				C100224CE0103B1A1018498B,
			);
			name = "Smart A.S.S";
			sourceTree = "<group>";
		};
		56D1F31011BDE1378FF7ADCD = {
			isa = PBXGroup;
			children = (
				69A1117F59759F5706B166E6,
				911DA8A02C1DD06290ACDA0E,
				E94A92FC8764E219AD4D5DA2,
				C60223E0FB868A14F53FCEB2,
				F0E8AC3655BA813283883375,
				FA82DB50D997E1E7C9ACA199,
				999652849CEEF92C07A46BFC,
				91B0771198608EB5DCA7C331,
				E4D8D56F7B027BD30D9E41C1,
				5F68E5AAB9B2E82837385F7D,
				55D55DDC3551967126FFCC8E,
				0C4C5729390AB09ADFE89BE3,
			);
			name = "JUCE Modules";
			sourceTree = "<group>";
		};
		1434DD819994C860A9C05A7E = {
			isa = PBXGroup;
			children = (
				8D14494CFE3D4149ADD1E0D3,
				3FDCE7360FC11DBA86FA4084,
				A2E5706E993A8F67B7A0B7CF,
				BC292EE17D808D177D06B2D2,
				4C92DD2F3B060091BF1785C1,
				75ABAC1BD2E7E58F47B3D1E3,
				AE1B8D1F138C1217405E84B8,
				CB43784D525D6BB21B946A2B,
				08A7171F87508B2AD2033596,
				D63FE44D37E66BD92DA48DF5,
				BE91B0A58B90C6EA710E89D7,
				53A62B214825242085910093,
				B063E737CCAB345F47511552,
				3F8984E1576BBFDE32289C25,
				1C9AC9EB47755AF0D3FCE314,
				BC7B6AF0D69B65C63894A03C,
			);
			name = "JUCE Library Code";
			sourceTree = "<group>";
		};
		01262CF994E901D4CF1DE92C = {
			isa = PBXGroup;
			children = (
				DA422229B4B6299E9B8E3B7A,
				F9D73D7AE4ABF2CCF33BC8BF,
				9FF4E3D3133E6EFD0893A32A,
				5A6AAB561412627BAEDE0432,
			);
			name = Resources;
			sourceTree = "<group>";
		};
		E79BEF972012F33FE961F9F0 = {
			isa = PBXGroup;
			children = (
				4DD7A8777B08B1A991E4122C,
				27FEECDD9949F246A9BC81FE,
				7BFA0D190A73273EAD5AD3C5,
				CCA8A03BFB26913389312E2F,
				EB7C5428E86EA3539A5BC390,
				D977F9504B0875051040DA90,
				C51500A11DD7081D656C6FC4,
				3D3C2EEE1906827E6B4C96F0,
				B88A90CC7D32680FE76438FA,
				3F4CC0249C80C30BFBCCCBC6,
				6E2EA9B15DF8598BA318B75D,
				229B129C2CA2A8A747F4572C,
				12B471A30FE80C5A94861699,
			);
			name = Frameworks;
			sourceTree = "<group>";
		};
		A7E68E14F6C5AAFC5D598CB2 = {
			isa = PBXGroup;
			children = (
				B0F91EE7ECDECD36A39F25F5,
			);
			name = Products;
			sourceTree = "<group>";
		};
		B17DF760375E2BA9A1586205 = {
			isa = PBXGroup;
			children = (
				F5B21D65D547EA7F07C726D6,
				56D1F31011BDE1378FF7ADCD,
				1434DD819994C860A9C05A7E,
				01262CF994E901D4CF1DE92C,
				E79BEF972012F33FE961F9F0,
				A7E68E14F6C5AAFC5D598CB2,
			);
			name = Source;
			sourceTree = "<group>";
		};
		696C1839C1356710E6594AD0 = {
			isa = XCBuildConfiguration;
			buildSettings = {
				"CODE_SIGN_IDENTITY[sdk=iphoneos*]" = "iPhone Developer";
				ASSETCATALOG_COMPILER_APPICON_NAME = AppIcon;
				CLANG_CXX_LANGUAGE_STANDARD = "c++14";
				CLANG_CXX_LIBRARY = "libc++";
				CLANG_LINK_OBJC_RUNTIME = NO;
				COMBINE_HIDPI_IMAGES = YES;
				CONFIGURATION_BUILD_DIR = "$(PROJECT_DIR)/build/$(CONFIGURATION)";
				COPY_PHASE_STRIP = NO;
				DEVELOPMENT_TEAM = 38RSB3KTT7;
				GCC_DYNAMIC_NO_PIC = NO;
				GCC_OPTIMIZATION_LEVEL = 0;
				GCC_PREPROCESSOR_DEFINITIONS = (
					"_DEBUG=1",
					"DEBUG=1",
					"JUCER_XCODE_IPHONE_5BC26AE3=1",
					"JUCE_APP_VERSION=1.0.0",
					"JUCE_APP_VERSION_HEX=0x10000",
					"JucePlugin_Build_VST=0",
					"JucePlugin_Build_VST3=0",
					"JucePlugin_Build_AU=0",
					"JucePlugin_Build_AUv3=0",
					"JucePlugin_Build_RTAS=0",
					"JucePlugin_Build_AAX=0",
					"JucePlugin_Build_Standalone=0",
					"JucePlugin_Build_Unity=0",
				);
				GCC_VERSION = com.apple.compilers.llvm.clang.1_0;
				HEADER_SEARCH_PATHS = (
					"../../JuceLibraryCode",
					"$(HOME)/JUCE/modules",
					"$(inherited)",
				);
				INFOPLIST_FILE = Info-App.plist;
				INFOPLIST_PREPROCESS = NO;
				INSTALL_PATH = "$(HOME)/Applications";
				PRODUCT_BUNDLE_IDENTIFIER = com.pixelclone.smartje;
				PRODUCT_NAME = "Smart A.S.S";
				PROVISIONING_PROFILE_SPECIFIER = "";
				USE_HEADERMAP = NO;
			};
			name = Debug;
		};
		399681A05902C3C58063775C = {
			isa = XCBuildConfiguration;
			buildSettings = {
				"CODE_SIGN_IDENTITY[sdk=iphoneos*]" = "iPhone Developer";
				ASSETCATALOG_COMPILER_APPICON_NAME = AppIcon;
				CLANG_CXX_LANGUAGE_STANDARD = "c++14";
				CLANG_CXX_LIBRARY = "libc++";
				CLANG_LINK_OBJC_RUNTIME = NO;
				COMBINE_HIDPI_IMAGES = YES;
				CONFIGURATION_BUILD_DIR = "$(PROJECT_DIR)/build/$(CONFIGURATION)";
				DEAD_CODE_STRIPPING = YES;
				DEVELOPMENT_TEAM = 38RSB3KTT7;
				GCC_GENERATE_DEBUGGING_SYMBOLS = NO;
				GCC_OPTIMIZATION_LEVEL = 3;
				GCC_PREPROCESSOR_DEFINITIONS = (
					"_NDEBUG=1",
					"NDEBUG=1",
					"JUCER_XCODE_IPHONE_5BC26AE3=1",
					"JUCE_APP_VERSION=1.0.0",
					"JUCE_APP_VERSION_HEX=0x10000",
					"JucePlugin_Build_VST=0",
					"JucePlugin_Build_VST3=0",
					"JucePlugin_Build_AU=0",
					"JucePlugin_Build_AUv3=0",
					"JucePlugin_Build_RTAS=0",
					"JucePlugin_Build_AAX=0",
					"JucePlugin_Build_Standalone=0",
					"JucePlugin_Build_Unity=0",
				);
				GCC_SYMBOLS_PRIVATE_EXTERN = YES;
				GCC_VERSION = com.apple.compilers.llvm.clang.1_0;
				HEADER_SEARCH_PATHS = (
					"../../JuceLibraryCode",
					"$(HOME)/JUCE/modules",
					"$(inherited)",
				);
				INFOPLIST_FILE = Info-App.plist;
				INFOPLIST_PREPROCESS = NO;
				INSTALL_PATH = "$(HOME)/Applications";
				LLVM_LTO = YES;
				PRODUCT_BUNDLE_IDENTIFIER = com.pixelclone.smartje;
				PRODUCT_NAME = "Smart A.S.S";
				PROVISIONING_PROFILE_SPECIFIER = "";
				USE_HEADERMAP = NO;
			};
			name = Release;
		};
		4E11C017AD5181FCEAD3AA57 = {
			isa = XCBuildConfiguration;
			buildSettings = {
				"CODE_SIGN_IDENTITY[sdk=iphoneos*]" = "iPhone Developer";
				ALWAYS_SEARCH_USER_PATHS = NO;
				CLANG_ENABLE_OBJC_WEAK = YES;
				CLANG_WARN_BLOCK_CAPTURE_AUTORELEASING = YES;
				CLANG_WARN_BOOL_CONVERSION = YES;
				CLANG_WARN_COMMA = YES;
				CLANG_WARN_CONSTANT_CONVERSION = YES;
				CLANG_WARN_DEPRECATED_OBJC_IMPLEMENTATIONS = YES;
				CLANG_WARN_EMPTY_BODY = YES;
				CLANG_WARN_ENUM_CONVERSION = YES;
				CLANG_WARN_INFINITE_RECURSION = YES;
				CLANG_WARN_INT_CONVERSION = YES;
				CLANG_WARN_NON_LITERAL_NULL_CONVERSION = YES;
				CLANG_WARN_OBJC_IMPLICIT_RETAIN_SELF = YES;
				CLANG_WARN_OBJC_LITERAL_CONVERSION = YES;
				CLANG_WARN_RANGE_LOOP_ANALYSIS = YES;
				CLANG_WARN_STRICT_PROTOTYPES = YES;
				CLANG_WARN_SUSPICIOUS_MOVE = YES;
				CLANG_WARN_UNREACHABLE_CODE = YES;
				CLANG_WARN__DUPLICATE_METHOD_MATCH = YES;
				DEBUG_INFORMATION_FORMAT = dwarf;
				ENABLE_STRICT_OBJC_MSGSEND = YES;
				ENABLE_TESTABILITY = YES;
				GCC_C_LANGUAGE_STANDARD = c11;
				GCC_INLINES_ARE_PRIVATE_EXTERN = YES;
				GCC_MODEL_TUNING = G5;
				GCC_NO_COMMON_BLOCKS = YES;
				GCC_WARN_64_TO_32_BIT_CONVERSION = YES;
				GCC_WARN_ABOUT_RETURN_TYPE = YES;
				GCC_WARN_CHECK_SWITCH_STATEMENTS = YES;
				GCC_WARN_MISSING_PARENTHESES = YES;
				GCC_WARN_NON_VIRTUAL_DESTRUCTOR = YES;
				GCC_WARN_TYPECHECK_CALLS_TO_PRINTF = YES;
				GCC_WARN_UNDECLARED_SELECTOR = YES;
				GCC_WARN_UNINITIALIZED_AUTOS = YES;
				GCC_WARN_UNUSED_FUNCTION = YES;
				GCC_WARN_UNUSED_VARIABLE = YES;
				IPHONEOS_DEPLOYMENT_TARGET = 9.3;
				ONLY_ACTIVE_ARCH = YES;
				PRODUCT_NAME = "Smart A.S.S";
				SDKROOT = iphoneos;
				TARGETED_DEVICE_FAMILY = "1,2";
				WARNING_CFLAGS = "-Wreorder";
				ZERO_LINK = NO;
			};
			name = Debug;
		};
		8E8F889B6C2723DBD30961CE = {
			isa = XCBuildConfiguration;
			buildSettings = {
				"CODE_SIGN_IDENTITY[sdk=iphoneos*]" = "iPhone Developer";
				ALWAYS_SEARCH_USER_PATHS = NO;
				CLANG_ENABLE_OBJC_WEAK = YES;
				CLANG_WARN_BLOCK_CAPTURE_AUTORELEASING = YES;
				CLANG_WARN_BOOL_CONVERSION = YES;
				CLANG_WARN_COMMA = YES;
				CLANG_WARN_CONSTANT_CONVERSION = YES;
				CLANG_WARN_DEPRECATED_OBJC_IMPLEMENTATIONS = YES;
				CLANG_WARN_EMPTY_BODY = YES;
				CLANG_WARN_ENUM_CONVERSION = YES;
				CLANG_WARN_INFINITE_RECURSION = YES;
				CLANG_WARN_INT_CONVERSION = YES;
				CLANG_WARN_NON_LITERAL_NULL_CONVERSION = YES;
				CLANG_WARN_OBJC_IMPLICIT_RETAIN_SELF = YES;
				CLANG_WARN_OBJC_LITERAL_CONVERSION = YES;
				CLANG_WARN_RANGE_LOOP_ANALYSIS = YES;
				CLANG_WARN_STRICT_PROTOTYPES = YES;
				CLANG_WARN_SUSPICIOUS_MOVE = YES;
				CLANG_WARN_UNREACHABLE_CODE = YES;
				CLANG_WARN__DUPLICATE_METHOD_MATCH = YES;
				DEBUG_INFORMATION_FORMAT = dwarf;
				ENABLE_STRICT_OBJC_MSGSEND = YES;
				GCC_C_LANGUAGE_STANDARD = c11;
				GCC_INLINES_ARE_PRIVATE_EXTERN = YES;
				GCC_MODEL_TUNING = G5;
				GCC_NO_COMMON_BLOCKS = YES;
				GCC_WARN_64_TO_32_BIT_CONVERSION = YES;
				GCC_WARN_ABOUT_RETURN_TYPE = YES;
				GCC_WARN_CHECK_SWITCH_STATEMENTS = YES;
				GCC_WARN_MISSING_PARENTHESES = YES;
				GCC_WARN_NON_VIRTUAL_DESTRUCTOR = YES;
				GCC_WARN_TYPECHECK_CALLS_TO_PRINTF = YES;
				GCC_WARN_UNDECLARED_SELECTOR = YES;
				GCC_WARN_UNINITIALIZED_AUTOS = YES;
				GCC_WARN_UNUSED_FUNCTION = YES;
				GCC_WARN_UNUSED_VARIABLE = YES;
				IPHONEOS_DEPLOYMENT_TARGET = 9.3;
				PRODUCT_NAME = "Smart A.S.S";
				SDKROOT = iphoneos;
				TARGETED_DEVICE_FAMILY = "1,2";
				WARNING_CFLAGS = "-Wreorder";
				ZERO_LINK = NO;
			};
			name = Release;
		};
		DA0C968914A716D171FF49A9 = {
			isa = PBXTargetDependency;
			target = BB2BBDB524D03F7A64DB13AC;
		};
		1766127A6510382B6F605EFC = {
			isa = XCConfigurationList;
			buildConfigurations = (
				4E11C017AD5181FCEAD3AA57,
				8E8F889B6C2723DBD30961CE,
			);
			defaultConfigurationIsVisible = 0;
			defaultConfigurationName = Debug;
		};
		C9B92D3C0A4BB39DC40596B3 = {
			isa = XCConfigurationList;
			buildConfigurations = (
				696C1839C1356710E6594AD0,
				399681A05902C3C58063775C,
			);
			defaultConfigurationIsVisible = 0;
			defaultConfigurationName = Debug;
		};
		F81CAD3C3D0DD78513C33E48 = {
			isa = PBXResourcesBuildPhase;
			buildActionMask = 2147483647;
			files = (
				5A83548480992A4049FFB863,
				7383EFA811A2CFAA8546A16C,
				07DAA5E0DDE090921A9295FF,
			);
			runOnlyForDeploymentPostprocessing = 0;
		};
		0E865550077ED4CB2A7F0A0C = {
			isa = PBXSourcesBuildPhase;
			buildActionMask = 2147483647;
			files = (
				19356AE37EF2501179CA571C,
				F1303233EF9BB420434C0E61,
				D8560F1A4FC877968E8EA248,
				D9C0B87C5C4E6F8206328DDE,
				00A031EDE7DD6346BE91A481,
				C37764077406A95CB62564FA,
				1697E32CA02F3489ABBAFD8F,
				138C955DB1CE5A40268DF71E,
				05904358953182FA7C5859D0,
				82313CA70A7A58FE5B9BC36C,
				5D8F38E0210048CE3335DD87,
				4682A7A54D23934812336CDF,
				254C899DC6F6C005071AA861,
				BFBC556BC17C2890902FE5BA,
				688D20FFBC8AB1C07C86E8D4,
				990CC2B1CFDED5B6D3F03A6A,
				D9A078002157F138A112011A,
			);
			runOnlyForDeploymentPostprocessing = 0;
		};
		99ABA20C562F50E6DD1213FD = {
			isa = PBXFrameworksBuildPhase;
			buildActionMask = 2147483647;
			files = (
				2AAAE3FD7E6837F32EFF56E1,
				532703F6365457760C338335,
				98B1C9C1D07220D54795E18F,
				5CB28CFFFE9147478D8C6FF8,
				A614E4FCDE079789DD35A750,
				71CFACA9D295755C5B2DE51F,
				7761FE2EAF235DC225AAC7CB,
				8F36BA27C2169082C34453EB,
				DFF9E3CDF14DB1A01EE4785C,
				4CA3C41868938B7B958DDC1F,
				79ECC3A32D512634C6514809,
				6DE1560B3379D2DF10274EC2,
				2D40314A665ED3D52F33B4A4,
			);
			runOnlyForDeploymentPostprocessing = 0;
		};
		BB2BBDB524D03F7A64DB13AC = {
			isa = PBXNativeTarget;
			buildConfigurationList = C9B92D3C0A4BB39DC40596B3;
			buildPhases = (
				F81CAD3C3D0DD78513C33E48,
				0E865550077ED4CB2A7F0A0C,
				99ABA20C562F50E6DD1213FD,
			);
			buildRules = ( );
			dependencies = ( );
			name = "Smart A.S.S - App";
			productName = "Smart A.S.S";
			productReference = B0F91EE7ECDECD36A39F25F5;
			productType = "com.apple.product-type.application";
		};
		3349903959162D2800C7CBEB = {
			isa = PBXProject;
			buildConfigurationList = 1766127A6510382B6F605EFC;
			attributes = { LastUpgradeCheck = 1100; ORGANIZATIONNAME = "PixelClone"; TargetAttributes = { BB2BBDB524D03F7A64DB13AC = { DevelopmentTeam = 38RSB3KTT7; ProvisioningStyle = Automatic; SystemCapabilities = {com.apple.ApplicationGroups.iOS = { enabled = 0; }; com.apple.InAppPurchase = { enabled = 0; }; com.apple.InterAppAudio = { enabled = 0; }; com.apple.Push = { enabled = 0; }; com.apple.Sandbox = { enabled = 0; }; com.apple.HardenedRuntime = { enabled = 0; }; }; }; }; };
			compatibilityVersion = "Xcode 3.2";
			hasScannedForEncodings = 0;
			mainGroup = B17DF760375E2BA9A1586205;
			projectDirPath = "";
			projectRoot = "";
			targets = (BB2BBDB524D03F7A64DB13AC);
			knownRegions = (en, Base);
		};
	};
	rootObject = 3349903959162D2800C7CBEB;
}
